
Microsoft Visual Studio Solution File, Format Version 12.00
# Visual Studio Version 17
VisualStudioVersion = 17.1.32319.34
MinimumVisualStudioVersion = 10.0.40219.1
Project("{FAE04EC0-301F-11D3-BF4B-00C04F79EFBC}") = "HW10_photo_puzzle", "HW10_photo_puzzle.csproj", "{2C602E83-2839-4BD1-A20E-65CF44FD5751}"
EndProject
Global
	GlobalSection(SolutionConfigurationPlatforms) = preSolution
		Debug|Any CPU = Debug|Any CPU
		Release|Any CPU = Release|Any CPU
	EndGlobalSection
	GlobalSection(ProjectConfigurationPlatforms) = postSolution
		{2C602E83-2839-4BD1-A20E-65CF44FD5751}.Debug|Any CPU.ActiveCfg = Debug|Any CPU
		{2C602E83-2839-4BD1-A20E-65CF44FD5751}.Debug|Any CPU.Build.0 = Debug|Any CPU
		{2C602E83-2839-4BD1-A20E-65CF44FD5751}.Release|Any CPU.ActiveCfg = Release|Any CPU
		{2C602E83-2839-4BD1-A20E-65CF44FD5751}.Release|Any CPU.Build.0 = Release|Any CPU
	EndGlobalSection
	GlobalSection(SolutionProperties) = preSolution
		HideSolutionNode = FALSE
	EndGlobalSection
	GlobalSection(ExtensibilityGlobals) = postSolution
		SolutionGuid = {4F13581D-881D-4BB0-87BB-AEE581143E45}
	EndGlobalSection
EndGlobal
